
Microsoft Visual Studio Solution File, Format Version 12.00
# Visual Studio Version 16
VisualStudioVersion = 16.0.33801.447
MinimumVisualStudioVersion = 10.0.40219.1
Project("{FAE04EC0-301F-11D3-BF4B-00C04F79EFBC}") = "OOP", "OOP\OOP.csproj", "{A9C33033-9434-467F-AE92-3649001724AD}"
EndProject
Global
	GlobalSection(SolutionConfigurationPlatforms) = preSolution
		Debug|Any CPU = Debug|Any CPU
		Release|Any CPU = Release|Any CPU
	EndGlobalSection
	GlobalSection(ProjectConfigurationPlatforms) = postSolution
		{A9C33033-9434-467F-AE92-3649001724AD}.Debug|Any CPU.ActiveCfg = Debug|Any CPU
		{A9C33033-9434-467F-AE92-3649001724AD}.Debug|Any CPU.Build.0 = Debug|Any CPU
		{A9C33033-9434-467F-AE92-3649001724AD}.Release|Any CPU.ActiveCfg = Release|Any CPU
		{A9C33033-9434-467F-AE92-3649001724AD}.Release|Any CPU.Build.0 = Release|Any CPU
	EndGlobalSection
	GlobalSection(SolutionProperties) = preSolution
		HideSolutionNode = FALSE
	EndGlobalSection
	GlobalSection(ExtensibilityGlobals) = postSolution
		SolutionGuid = {061A6DA9-2228-48FF-B6C1-4EC75B06A024}
	EndGlobalSection
EndGlobal
